// !$*UTF8*$!
{
	archiveVersion = 1;
	classes = {
	};
	objectVersion = 50;
	objects = {

/* Begin PBXBuildFile section */
		524B7023243EAA5200D023C4 /* AppDelegate.swift in Sources */ = {isa = PBXBuildFile; fileRef = 524B7022243EAA5200D023C4 /* AppDelegate.swift */; };
		524B7025243EAA5200D023C4 /* SceneDelegate.swift in Sources */ = {isa = PBXBuildFile; fileRef = 524B7024243EAA5200D023C4 /* SceneDelegate.swift */; };
		524B7027243EAA5200D023C4 /* ViewController.swift in Sources */ = {isa = PBXBuildFile; fileRef = 524B7026243EAA5200D023C4 /* ViewController.swift */; };
		524B702A243EAA5200D023C4 /* Main.storyboard in Resources */ = {isa = PBXBuildFile; fileRef = 524B7028243EAA5200D023C4 /* Main.storyboard */; };
		524B702D243EAA5200D023C4 /* CoreData_NumberFacts.xcdatamodeld in Sources */ = {isa = PBXBuildFile; fileRef = 524B702B243EAA5200D023C4 /* CoreData_NumberFacts.xcdatamodeld */; };
		524B702F243EAA5300D023C4 /* Assets.xcassets in Resources */ = {isa = PBXBuildFile; fileRef = 524B702E243EAA5300D023C4 /* Assets.xcassets */; };
		524B7032243EAA5300D023C4 /* LaunchScreen.storyboard in Resources */ = {isa = PBXBuildFile; fileRef = 524B7030243EAA5300D023C4 /* LaunchScreen.storyboard */; };
/* End PBXBuildFile section */

/* Begin PBXFileReference section */
		524B701F243EAA5200D023C4 /* CoreData-NumberFacts.app */ = {isa = PBXFileReference; explicitFileType = wrapper.application; includeInIndex = 0; path = "CoreData-NumberFacts.app"; sourceTree = BUILT_PRODUCTS_DIR; };
		524B7022243EAA5200D023C4 /* AppDelegate.swift */ = {isa = PBXFileReference; lastKnownFileType = sourcecode.swift; path = AppDelegate.swift; sourceTree = "<group>"; };
		524B7024243EAA5200D023C4 /* SceneDelegate.swift */ = {isa = PBXFileReference; lastKnownFileType = sourcecode.swift; path = SceneDelegate.swift; sourceTree = "<group>"; };
		524B7026243EAA5200D023C4 /* ViewController.swift */ = {isa = PBXFileReference; lastKnownFileType = sourcecode.swift; path = ViewController.swift; sourceTree = "<group>"; };
		524B7029243EAA5200D023C4 /* Base */ = {isa = PBXFileReference; lastKnownFileType = file.storyboard; name = Base; path = Base.lproj/Main.storyboard; sourceTree = "<group>"; };
		524B702C243EAA5200D023C4 /* CoreData_NumberFacts.xcdatamodel */ = {isa = PBXFileReference; lastKnownFileType = wrapper.xcdatamodel; path = CoreData_NumberFacts.xcdatamodel; sourceTree = "<group>"; };
		524B702E243EAA5300D023C4 /* Assets.xcassets */ = {isa = PBXFileReference; lastKnownFileType = folder.assetcatalog; path = Assets.xcassets; sourceTree = "<group>"; };
		524B7031243EAA5300D023C4 /* Base */ = {isa = PBXFileReference; lastKnownFileType = file.storyboard; name = Base; path = Base.lproj/LaunchScreen.storyboard; sourceTree = "<group>"; };
		524B7033243EAA5300D023C4 /* Info.plist */ = {isa = PBXFileReference; lastKnownFileType = text.plist.xml; path = Info.plist; sourceTree = "<group>"; };
/* End PBXFileReference section */

/* Begin PBXFrameworksBuildPhase section */
		524B701C243EAA5200D023C4 /* Frameworks */ = {
			isa = PBXFrameworksBuildPhase;
			buildActionMask = 2147483647;
			files = (
			);
			runOnlyForDeploymentPostprocessing = 0;
		};
/* End PBXFrameworksBuildPhase section */

/* Begin PBXGroup section */
		524B7016243EAA5200D023C4 = {
			isa = PBXGroup;
			children = (
				524B7021243EAA5200D023C4 /* CoreData-NumberFacts */,
				524B7020243EAA5200D023C4 /* Products */,
			);
			sourceTree = "<group>";
		};
		524B7020243EAA5200D023C4 /* Products */ = {
			isa = PBXGroup;
			children = (
				524B701F243EAA5200D023C4 /* CoreData-NumberFacts.app */,
			);
			name = Products;
			sourceTree = "<group>";
		};
		524B7021243EAA5200D023C4 /* CoreData-NumberFacts */ = {
			isa = PBXGroup;
			children = (
				524B7022243EAA5200D023C4 /* AppDelegate.swift */,
				524B7024243EAA5200D023C4 /* SceneDelegate.swift */,
				524B7026243EAA5200D023C4 /* ViewController.swift */,
				524B7028243EAA5200D023C4 /* Main.storyboard */,
				524B702E243EAA5300D023C4 /* Assets.xcassets */,
				524B7030243EAA5300D023C4 /* LaunchScreen.storyboard */,
				524B7033243EAA5300D023C4 /* Info.plist */,
				524B702B243EAA5200D023C4 /* CoreData_NumberFacts.xcdatamodeld */,
			);
			path = "CoreData-NumberFacts";
			sourceTree = "<group>";
		};
/* End PBXGroup section */

/* Begin PBXNativeTarget section */
		524B701E243EAA5200D023C4 /* CoreData-NumberFacts */ = {
			isa = PBXNativeTarget;
			buildConfigurationList = 524B7036243EAA5300D023C4 /* Build configuration list for PBXNativeTarget "CoreData-NumberFacts" */;
			buildPhases = (
				524B701B243EAA5200D023C4 /* Sources */,
				524B701C243EAA5200D023C4 /* Frameworks */,
				524B701D243EAA5200D023C4 /* Resources */,
			);
			buildRules = (
			);
			dependencies = (
			);
			name = "CoreData-NumberFacts";
			productName = "CoreData-NumberFacts";
			productReference = 524B701F243EAA5200D023C4 /* CoreData-NumberFacts.app */;
			productType = "com.apple.product-type.application";
		};
/* End PBXNativeTarget section */

/* Begin PBXProject section */
		524B7017243EAA5200D023C4 /* Project object */ = {
			isa = PBXProject;
			attributes = {
				LastSwiftUpdateCheck = 1140;
				LastUpgradeCheck = 1140;
				ORGANIZATIONNAME = "Tsering Lama";
				TargetAttributes = {
					524B701E243EAA5200D023C4 = {
						CreatedOnToolsVersion = 11.4;
					};
				};
			};
			buildConfigurationList = 524B701A243EAA5200D023C4 /* Build configuration list for PBXProject "CoreData-NumberFacts" */;
			compatibilityVersion = "Xcode 9.3";
			developmentRegion = en;
			hasScannedForEncodings = 0;
			knownRegions = (
				en,
				Base,
			);
			mainGroup = 524B7016243EAA5200D023C4;
			productRefGroup = 524B7020243EAA5200D023C4 /* Products */;
			projectDirPath = "";
			projectRoot = "";
			targets = (
				524B701E243EAA5200D023C4 /* CoreData-NumberFacts */,
			);
		};
/* End PBXProject section */

/* Begin PBXResourcesBuildPhase section */
		524B701D243EAA5200D023C4 /* Resources */ = {
			isa = PBXResourcesBuildPhase;
			buildActionMask = 2147483647;
			files = (
				524B7032243EAA5300D023C4 /* LaunchScreen.storyboard in Resources */,
				524B702F243EAA5300D023C4 /* Assets.xcassets in Resources */,
				524B702A243EAA5200D023C4 /* Main.storyboard in Resources */,
			);
			runOnlyForDeploymentPostprocessing = 0;
		};
/* End PBXResourcesBuildPhase section */

/* Begin PBXSourcesBuildPhase section */
		524B701B243EAA5200D023C4 /* Sources */ = {
			isa = PBXSourcesBuildPhase;
			buildActionMask = 2147483647;
			files = (
				524B7027243EAA5200D023C4 /* ViewController.swift in Sources */,
				524B7023243EAA5200D023C4 /* AppDelegate.swift in Sources */,
				524B7025243EAA5200D023C4 /* SceneDelegate.swift in Sources */,
				524B702D243EAA5200D023C4 /* CoreData_NumberFacts.xcdatamodeld in Sources */,
			);
			runOnlyForDeploymentPostprocessing = 0;
		};
/* End PBXSourcesBuildPhase section */

/* Begin PBXVariantGroup section */
		524B7028243EAA5200D023C4 /* Main.storyboard */ = {
			isa = PBXVariantGroup;
			children = (
				524B7029243EAA5200D023C4 /* Base */,
			);
			name = Main.storyboard;
			sourceTree = "<group>";
		};
		524B7030243EAA5300D023C4 /* LaunchScreen.storyboard */ = {
			isa = PBXVariantGroup;
			children = (
				524B7031243EAA5300D023C4 /* Base */,
			);
			name = LaunchScreen.storyboard;
			sourceTree = "<group>";
		};
/* End PBXVariantGroup section */

/* Begin XCBuildConfiguration section */
		524B7034243EAA5300D023C4 /* Debug */ = {
			isa = XCBuildConfiguration;
			buildSettings = {
				ALWAYS_SEARCH_USER_PATHS = NO;
				CLANG_ANALYZER_NONNULL = YES;
				CLANG_ANALYZER_NUMBER_OBJECT_CONVERSION = YES_AGGRESSIVE;
				CLANG_CXX_LANGUAGE_STANDARD = "gnu++14";
				CLANG_CXX_LIBRARY = "libc++";
				CLANG_ENABLE_MODULES = YES;
				CLANG_ENABLE_OBJC_ARC = YES;
				CLANG_ENABLE_OBJC_WEAK = YES;
				CLANG_WARN_BLOCK_CAPTURE_AUTORELEASING = YES;
				CLANG_WARN_BOOL_CONVERSION = YES;
				CLANG_WARN_COMMA = YES;
				CLANG_WARN_CONSTANT_CONVERSION = YES;
				CLANG_WARN_DEPRECATED_OBJC_IMPLEMENTATIONS = YES;
				CLANG_WARN_DIRECT_OBJC_ISA_USAGE = YES_ERROR;
				CLANG_WARN_DOCUMENTATION_COMMENTS = YES;
				CLANG_WARN_EMPTY_BODY = YES;
				CLANG_WARN_ENUM_CONVERSION = YES;
				CLANG_WARN_INFINITE_RECURSION = YES;
				CLANG_WARN_INT_CONVERSION = YES;
				CLANG_WARN_NON_LITERAL_NULL_CONVERSION = YES;
				CLANG_WARN_OBJC_IMPLICIT_RETAIN_SELF = YES;
				CLANG_WARN_OBJC_LITERAL_CONVERSION = YES;
				CLANG_WARN_OBJC_ROOT_CLASS = YES_ERROR;
				CLANG_WARN_RANGE_LOOP_ANALYSIS = YES;
				CLANG_WARN_STRICT_PROTOTYPES = YES;
				CLANG_WARN_SUSPICIOUS_MOVE = YES;
				CLANG_WARN_UNGUARDED_AVAILABILITY = YES_AGGRESSIVE;
				CLANG_WARN_UNREACHABLE_CODE = YES;
				CLANG_WARN__DUPLICATE_METHOD_MATCH = YES;
				COPY_PHASE_STRIP = NO;
				DEBUG_INFORMATION_FORMAT = dwarf;
				ENABLE_STRICT_OBJC_MSGSEND = YES;
				ENABLE_TESTABILITY = YES;
				GCC_C_LANGUAGE_STANDARD = gnu11;
				GCC_DYNAMIC_NO_PIC = NO;
				GCC_NO_COMMON_BLOCKS = YES;
				GCC_OPTIMIZATION_LEVEL = 0;
				GCC_PREPROCESSOR_DEFINITIONS = (
					"DEBUG=1",
					"$(inherited)",
				);
				GCC_WARN_64_TO_32_BIT_CONVERSION = YES;
				GCC_WARN_ABOUT_RETURN_TYPE = YES_ERROR;
				GCC_WARN_UNDECLARED_SELECTOR = YES;
				GCC_WARN_UNINITIALIZED_AUTOS = YES_AGGRESSIVE;
				GCC_WARN_UNUSED_FUNCTION = YES;
				GCC_WARN_UNUSED_VARIABLE = YES;
				IPHONEOS_DEPLOYMENT_TARGET = 13.4;
				MTL_ENABLE_DEBUG_INFO = INCLUDE_SOURCE;
				MTL_FAST_MATH = YES;
				ONLY_ACTIVE_ARCH = YES;
				SDKROOT = iphoneos;
				SWIFT_ACTIVE_COMPILATION_CONDITIONS = DEBUG;
				SWIFT_OPTIMIZATION_LEVEL = "-Onone";
			};
			name = Debug;
		};
		524B7035243EAA5300D023C4 /* Release */ = {
			isa = XCBuildConfiguration;
			buildSettings = {
				ALWAYS_SEARCH_USER_PATHS = NO;
				CLANG_ANALYZER_NONNULL = YES;
				CLANG_ANALYZER_NUMBER_OBJECT_CONVERSION = YES_AGGRESSIVE;
				CLANG_CXX_LANGUAGE_STANDARD = "gnu++14";
				CLANG_CXX_LIBRARY = "libc++";
				CLANG_ENABLE_MODULES = YES;
				CLANG_ENABLE_OBJC_ARC = YES;
				CLANG_ENABLE_OBJC_WEAK = YES;
				CLANG_WARN_BLOCK_CAPTURE_AUTORELEASING = YES;
				CLANG_WARN_BOOL_CONVERSION = YES;
				CLANG_WARN_COMMA = YES;
				CLANG_WARN_CONSTANT_CONVERSION = YES;
				CLANG_WARN_DEPRECATED_OBJC_IMPLEMENTATIONS = YES;
				CLANG_WARN_DIRECT_OBJC_ISA_USAGE = YES_ERROR;
				CLANG_WARN_DOCUMENTATION_COMMENTS = YES;
				CLANG_WARN_EMPTY_BODY = YES;
				CLANG_WARN_ENUM_CONVERSION = YES;
				CLANG_WARN_INFINITE_RECURSION = YES;
				CLANG_WARN_INT_CONVERSION = YES;
				CLANG_WARN_NON_LITERAL_NULL_CONVERSION = YES;
				CLANG_WARN_OBJC_IMPLICIT_RETAIN_SELF = YES;
				CLANG_WARN_OBJC_LITERAL_CONVERSION = YES;
				CLANG_WARN_OBJC_ROOT_CLASS = YES_ERROR;
				CLANG_WARN_RANGE_LOOP_ANALYSIS = YES;
				CLANG_WARN_STRICT_PROTOTYPES = YES;
				CLANG_WARN_SUSPICIOUS_MOVE = YES;
				CLANG_WARN_UNGUARDED_AVAILABILITY = YES_AGGRESSIVE;
				CLANG_WARN_UNREACHABLE_CODE = YES;
				CLANG_WARN__DUPLICATE_METHOD_MATCH = YES;
				COPY_PHASE_STRIP = NO;
				DEBUG_INFORMATION_FORMAT = "dwarf-with-dsym";
				ENABLE_NS_ASSERTIONS = NO;
				ENABLE_STRICT_OBJC_MSGSEND = YES;
				GCC_C_LANGUAGE_STANDARD = gnu11;
				GCC_NO_COMMON_BLOCKS = YES;
				GCC_WARN_64_TO_32_BIT_CONVERSION = YES;
				GCC_WARN_ABOUT_RETURN_TYPE = YES_ERROR;
				GCC_WARN_UNDECLARED_SELECTOR = YES;
				GCC_WARN_UNINITIALIZED_AUTOS = YES_AGGRESSIVE;
				GCC_WARN_UNUSED_FUNCTION = YES;
				GCC_WARN_UNUSED_VARIABLE = YES;
				IPHONEOS_DEPLOYMENT_TARGET = 13.4;
				MTL_ENABLE_DEBUG_INFO = NO;
				MTL_FAST_MATH = YES;
				SDKROOT = iphoneos;
				SWIFT_COMPILATION_MODE = wholemodule;
				SWIFT_OPTIMIZATION_LEVEL = "-O";
				VALIDATE_PRODUCT = YES;
			};
			name = Release;
		};
		524B7037243EAA5300D023C4 /* Debug */ = {
			isa = XCBuildConfiguration;
			buildSettings = {
				ASSETCATALOG_COMPILER_APPICON_NAME = AppIcon;
				CODE_SIGN_STYLE = Automatic;
				DEVELOPMENT_TEAM = 83DYP84L8W;
				INFOPLIST_FILE = "CoreData-NumberFacts/Info.plist";
				LD_RUNPATH_SEARCH_PATHS = (
					"$(inherited)",
					"@executable_path/Frameworks",
				);
				PRODUCT_BUNDLE_IDENTIFIER = "org.pursuit.CoreData-NumberFacts";
				PRODUCT_NAME = "$(TARGET_NAME)";
				SWIFT_VERSION = 5.0;
				TARGETED_DEVICE_FAMILY = "1,2";
			};
			name = Debug;
		};
		524B7038243EAA5300D023C4 /* Release */ = {
			isa = XCBuildConfiguration;
			buildSettings = {
				ASSETCATALOG_COMPILER_APPICON_NAME = AppIcon;
				CODE_SIGN_STYLE = Automatic;
				DEVELOPMENT_TEAM = 83DYP84L8W;
				INFOPLIST_FILE = "CoreData-NumberFacts/Info.plist";
				LD_RUNPATH_SEARCH_PATHS = (
					"$(inherited)",
					"@executable_path/Frameworks",
				);
				PRODUCT_BUNDLE_IDENTIFIER = "org.pursuit.CoreData-NumberFacts";
				PRODUCT_NAME = "$(TARGET_NAME)";
				SWIFT_VERSION = 5.0;
				TARGETED_DEVICE_FAMILY = "1,2";
			};
			name = Release;
		};
/* End XCBuildConfiguration section */

/* Begin XCConfigurationList section */
		524B701A243EAA5200D023C4 /* Build configuration list for PBXProject "CoreData-NumberFacts" */ = {
			isa = XCConfigurationList;
			buildConfigurations = (
				524B7034243EAA5300D023C4 /* Debug */,
				524B7035243EAA5300D023C4 /* Release */,
			);
			defaultConfigurationIsVisible = 0;
			defaultConfigurationName = Release;
		};
		524B7036243EAA5300D023C4 /* Build configuration list for PBXNativeTarget "CoreData-NumberFacts" */ = {
			isa = XCConfigurationList;
			buildConfigurations = (
				524B7037243EAA5300D023C4 /* Debug */,
				524B7038243EAA5300D023C4 /* Release */,
			);
			defaultConfigurationIsVisible = 0;
			defaultConfigurationName = Release;
		};
/* End XCConfigurationList section */

/* Begin XCVersionGroup section */
		524B702B243EAA5200D023C4 /* CoreData_NumberFacts.xcdatamodeld */ = {
			isa = XCVersionGroup;
			children = (
				524B702C243EAA5200D023C4 /* CoreData_NumberFacts.xcdatamodel */,
			);
			currentVersion = 524B702C243EAA5200D023C4 /* CoreData_NumberFacts.xcdatamodel */;
			path = CoreData_NumberFacts.xcdatamodeld;
			sourceTree = "<group>";
			versionGroupType = wrapper.xcdatamodel;
		};
/* End XCVersionGroup section */
	};
	rootObject = 524B7017243EAA5200D023C4 /* Project object */;
}
